
Microsoft Visual Studio Solution File, Format Version 12.00
# Visual Studio Version 17
VisualStudioVersion = 17.1.32421.90
MinimumVisualStudioVersion = 10.0.40219.1
Project("{9A19103F-16F7-4668-BE54-9A1E7A4F7556}") = "DemoDay1", "DemoDay1\DemoDay1.csproj", "{DB7117DD-8FDF-40EA-AB25-3DB9B0CD5350}"
EndProject
Project("{9A19103F-16F7-4668-BE54-9A1E7A4F7556}") = "WinFormsApp1", "WinFormsApp1\WinFormsApp1.csproj", "{04D5CF69-4084-4D8B-BDE4-2869C64C4D4F}"
EndProject
Project("{9A19103F-16F7-4668-BE54-9A1E7A4F7556}") = "WebApplication", "WebApplication\WebApplication.csproj", "{552A8041-A90A-4ADF-A68B-031DD506D440}"
EndProject
Project("{9A19103F-16F7-4668-BE54-9A1E7A4F7556}") = "Delegate_Demo", "Delegate_Demo\Delegate_Demo.csproj", "{825AB449-1D9C-457D-ADCF-62A9FEE09494}"
EndProject
Project("{9A19103F-16F7-4668-BE54-9A1E7A4F7556}") = "EventConsole", "EventConsole\EventConsole.csproj", "{9663A8DF-C279-4A52-A5DF-2BB4B804B4C7}"
EndProject
Project("{9A19103F-16F7-4668-BE54-9A1E7A4F7556}") = "Winform_ADO_NET", "Winform_ADO_NET\Winform_ADO_NET.csproj", "{F9B2F167-0A7E-43A8-B471-C604A8928C26}"
EndProject
Project("{9A19103F-16F7-4668-BE54-9A1E7A4F7556}") = "Winform_EF_NET", "Winform_EF_NET\Winform_EF_NET.csproj", "{CE8C955F-CC44-4D4D-AC8C-A4DC7D2C3427}"
EndProject
Project("{9A19103F-16F7-4668-BE54-9A1E7A4F7556}") = "Practice_Winform_EF", "Practice_Winform_EF\Practice_Winform_EF.csproj", "{7B810A08-9738-4710-9582-51EF88FF5940}"
EndProject
Project("{FAE04EC0-301F-11D3-BF4B-00C04F79EFBC}") = "Practice_Winform_ADO", "Practice_Winform_ADO\Practice_Winform_ADO.csproj", "{2178DC9F-0F9D-4B35-A30E-5F92564B5F8B}"
EndProject
Global
	GlobalSection(SolutionConfigurationPlatforms) = preSolution
		Debug|Any CPU = Debug|Any CPU
		Release|Any CPU = Release|Any CPU
	EndGlobalSection
	GlobalSection(ProjectConfigurationPlatforms) = postSolution
		{DB7117DD-8FDF-40EA-AB25-3DB9B0CD5350}.Debug|Any CPU.ActiveCfg = Debug|Any CPU
		{DB7117DD-8FDF-40EA-AB25-3DB9B0CD5350}.Debug|Any CPU.Build.0 = Debug|Any CPU
		{DB7117DD-8FDF-40EA-AB25-3DB9B0CD5350}.Release|Any CPU.ActiveCfg = Release|Any CPU
		{DB7117DD-8FDF-40EA-AB25-3DB9B0CD5350}.Release|Any CPU.Build.0 = Release|Any CPU
		{04D5CF69-4084-4D8B-BDE4-2869C64C4D4F}.Debug|Any CPU.ActiveCfg = Debug|Any CPU
		{04D5CF69-4084-4D8B-BDE4-2869C64C4D4F}.Debug|Any CPU.Build.0 = Debug|Any CPU
		{04D5CF69-4084-4D8B-BDE4-2869C64C4D4F}.Release|Any CPU.ActiveCfg = Release|Any CPU
		{04D5CF69-4084-4D8B-BDE4-2869C64C4D4F}.Release|Any CPU.Build.0 = Release|Any CPU
		{552A8041-A90A-4ADF-A68B-031DD506D440}.Debug|Any CPU.ActiveCfg = Debug|Any CPU
		{552A8041-A90A-4ADF-A68B-031DD506D440}.Debug|Any CPU.Build.0 = Debug|Any CPU
		{552A8041-A90A-4ADF-A68B-031DD506D440}.Release|Any CPU.ActiveCfg = Release|Any CPU
		{552A8041-A90A-4ADF-A68B-031DD506D440}.Release|Any CPU.Build.0 = Release|Any CPU
		{825AB449-1D9C-457D-ADCF-62A9FEE09494}.Debug|Any CPU.ActiveCfg = Debug|Any CPU
		{825AB449-1D9C-457D-ADCF-62A9FEE09494}.Debug|Any CPU.Build.0 = Debug|Any CPU
		{825AB449-1D9C-457D-ADCF-62A9FEE09494}.Release|Any CPU.ActiveCfg = Release|Any CPU
		{825AB449-1D9C-457D-ADCF-62A9FEE09494}.Release|Any CPU.Build.0 = Release|Any CPU
		{9663A8DF-C279-4A52-A5DF-2BB4B804B4C7}.Debug|Any CPU.ActiveCfg = Debug|Any CPU
		{9663A8DF-C279-4A52-A5DF-2BB4B804B4C7}.Debug|Any CPU.Build.0 = Debug|Any CPU
		{9663A8DF-C279-4A52-A5DF-2BB4B804B4C7}.Release|Any CPU.ActiveCfg = Release|Any CPU
		{9663A8DF-C279-4A52-A5DF-2BB4B804B4C7}.Release|Any CPU.Build.0 = Release|Any CPU
		{F9B2F167-0A7E-43A8-B471-C604A8928C26}.Debug|Any CPU.ActiveCfg = Debug|Any CPU
		{F9B2F167-0A7E-43A8-B471-C604A8928C26}.Debug|Any CPU.Build.0 = Debug|Any CPU
		{F9B2F167-0A7E-43A8-B471-C604A8928C26}.Release|Any CPU.ActiveCfg = Release|Any CPU
		{F9B2F167-0A7E-43A8-B471-C604A8928C26}.Release|Any CPU.Build.0 = Release|Any CPU
		{CE8C955F-CC44-4D4D-AC8C-A4DC7D2C3427}.Debug|Any CPU.ActiveCfg = Debug|Any CPU
		{CE8C955F-CC44-4D4D-AC8C-A4DC7D2C3427}.Debug|Any CPU.Build.0 = Debug|Any CPU
		{CE8C955F-CC44-4D4D-AC8C-A4DC7D2C3427}.Release|Any CPU.ActiveCfg = Release|Any CPU
		{CE8C955F-CC44-4D4D-AC8C-A4DC7D2C3427}.Release|Any CPU.Build.0 = Release|Any CPU
		{7B810A08-9738-4710-9582-51EF88FF5940}.Debug|Any CPU.ActiveCfg = Debug|Any CPU
		{7B810A08-9738-4710-9582-51EF88FF5940}.Debug|Any CPU.Build.0 = Debug|Any CPU
		{7B810A08-9738-4710-9582-51EF88FF5940}.Release|Any CPU.ActiveCfg = Release|Any CPU
		{7B810A08-9738-4710-9582-51EF88FF5940}.Release|Any CPU.Build.0 = Release|Any CPU
		{2178DC9F-0F9D-4B35-A30E-5F92564B5F8B}.Debug|Any CPU.ActiveCfg = Debug|Any CPU
		{2178DC9F-0F9D-4B35-A30E-5F92564B5F8B}.Debug|Any CPU.Build.0 = Debug|Any CPU
		{2178DC9F-0F9D-4B35-A30E-5F92564B5F8B}.Release|Any CPU.ActiveCfg = Release|Any CPU
		{2178DC9F-0F9D-4B35-A30E-5F92564B5F8B}.Release|Any CPU.Build.0 = Release|Any CPU
	EndGlobalSection
	GlobalSection(SolutionProperties) = preSolution
		HideSolutionNode = FALSE
	EndGlobalSection
	GlobalSection(ExtensibilityGlobals) = postSolution
		SolutionGuid = {7C441F2E-7CD5-4C21-9BBF-699A1A5EDF5D}
	EndGlobalSection
EndGlobal
